
Microsoft Visual Studio Solution File, Format Version 12.00
# Visual Studio Version 17
VisualStudioVersion = 17.4.33213.308
MinimumVisualStudioVersion = 10.0.40219.1
Project("{FAE04EC0-301F-11D3-BF4B-00C04F79EFBC}") = "Test_cruxlab", "Test_cruxlab\Test_cruxlab.csproj", "{6147479F-6F71-463E-AA60-46E52F0FE72E}"
EndProject
Global
	GlobalSection(SolutionConfigurationPlatforms) = preSolution
		Debug|Any CPU = Debug|Any CPU
		Release|Any CPU = Release|Any CPU
	EndGlobalSection
	GlobalSection(ProjectConfigurationPlatforms) = postSolution
		{6147479F-6F71-463E-AA60-46E52F0FE72E}.Debug|Any CPU.ActiveCfg = Debug|Any CPU
		{6147479F-6F71-463E-AA60-46E52F0FE72E}.Debug|Any CPU.Build.0 = Debug|Any CPU
		{6147479F-6F71-463E-AA60-46E52F0FE72E}.Release|Any CPU.ActiveCfg = Release|Any CPU
		{6147479F-6F71-463E-AA60-46E52F0FE72E}.Release|Any CPU.Build.0 = Release|Any CPU
	EndGlobalSection
	GlobalSection(SolutionProperties) = preSolution
		HideSolutionNode = FALSE
	EndGlobalSection
	GlobalSection(ExtensibilityGlobals) = postSolution
		SolutionGuid = {DD0E5727-3809-4317-B470-F995897D1667}
	EndGlobalSection
EndGlobal
